
Microsoft Visual Studio Solution File, Format Version 12.00
# Visual Studio Version 16
VisualStudioVersion = 16.0.31424.327
MinimumVisualStudioVersion = 10.0.40219.1
Project("{FAE04EC0-301F-11D3-BF4B-00C04F79EFBC}") = "assgn1", "assgn1.csproj", "{6B04392D-8C37-464B-BBA0-0644CF199061}"
EndProject
Global
	GlobalSection(SolutionConfigurationPlatforms) = preSolution
		Debug|Any CPU = Debug|Any CPU
		Release|Any CPU = Release|Any CPU
	EndGlobalSection
	GlobalSection(ProjectConfigurationPlatforms) = postSolution
		{6B04392D-8C37-464B-BBA0-0644CF199061}.Debug|Any CPU.ActiveCfg = Debug|Any CPU
		{6B04392D-8C37-464B-BBA0-0644CF199061}.Debug|Any CPU.Build.0 = Debug|Any CPU
		{6B04392D-8C37-464B-BBA0-0644CF199061}.Release|Any CPU.ActiveCfg = Release|Any CPU
		{6B04392D-8C37-464B-BBA0-0644CF199061}.Release|Any CPU.Build.0 = Release|Any CPU
	EndGlobalSection
	GlobalSection(SolutionProperties) = preSolution
		HideSolutionNode = FALSE
	EndGlobalSection
	GlobalSection(ExtensibilityGlobals) = postSolution
		SolutionGuid = {BD3AECD8-7AF1-4601-8468-BC109600DFB1}
	EndGlobalSection
EndGlobal
